
Microsoft Visual Studio Solution File, Format Version 12.00
# Visual Studio Version 17
VisualStudioVersion = 17.3.32804.467
MinimumVisualStudioVersion = 10.0.40219.1
Project("{FAE04EC0-301F-11D3-BF4B-00C04F79EFBC}") = "CS_Basics", "CS_Basics\CS_Basics.csproj", "{0E231E14-C8A5-4A4D-9C6A-358638F2CFC2}"
EndProject
Global
	GlobalSection(SolutionConfigurationPlatforms) = preSolution
		Debug|Any CPU = Debug|Any CPU
		Release|Any CPU = Release|Any CPU
	EndGlobalSection
	GlobalSection(ProjectConfigurationPlatforms) = postSolution
		{0E231E14-C8A5-4A4D-9C6A-358638F2CFC2}.Debug|Any CPU.ActiveCfg = Debug|Any CPU
		{0E231E14-C8A5-4A4D-9C6A-358638F2CFC2}.Debug|Any CPU.Build.0 = Debug|Any CPU
		{0E231E14-C8A5-4A4D-9C6A-358638F2CFC2}.Release|Any CPU.ActiveCfg = Release|Any CPU
		{0E231E14-C8A5-4A4D-9C6A-358638F2CFC2}.Release|Any CPU.Build.0 = Release|Any CPU
	EndGlobalSection
	GlobalSection(SolutionProperties) = preSolution
		HideSolutionNode = FALSE
	EndGlobalSection
	GlobalSection(ExtensibilityGlobals) = postSolution
		SolutionGuid = {128E72DD-F3D0-4E46-AC98-2649034D1DA3}
	EndGlobalSection
EndGlobal
